
Microsoft Visual Studio Solution File, Format Version 12.00
# Visual Studio Version 17
VisualStudioVersion = 17.3.32728.150
MinimumVisualStudioVersion = 10.0.40219.1
Project("{9A19103F-16F7-4668-BE54-9A1E7A4F7556}") = "Inventario.COMMON", "Inventario.COMMON\Inventario.COMMON.csproj", "{EA6674D4-EFD2-45A1-A6C7-93E2D13BF986}"
EndProject
Project("{9A19103F-16F7-4668-BE54-9A1E7A4F7556}") = "Inventario.DAL", "Inventario.DAL\Inventario.DAL.csproj", "{1EBD4239-9396-4491-AB7C-9F26D185F9B8}"
EndProject
Project("{9A19103F-16F7-4668-BE54-9A1E7A4F7556}") = "Inventario.Biz", "Inventario.Biz\Inventario.Biz.csproj", "{34C47207-D8C7-4073-8FB8-F4CD5D882513}"
EndProject
Project("{FAE04EC0-301F-11D3-BF4B-00C04F79EFBC}") = "Inventario.GUI.Administrador", "Inventario.GUI.Administrador\Inventario.GUI.Administrador.csproj", "{E6E47466-CCD7-4834-B764-5FBB2D06D6E0}"
EndProject
Global
	GlobalSection(SolutionConfigurationPlatforms) = preSolution
		Debug|Any CPU = Debug|Any CPU
		Release|Any CPU = Release|Any CPU
	EndGlobalSection
	GlobalSection(ProjectConfigurationPlatforms) = postSolution
		{EA6674D4-EFD2-45A1-A6C7-93E2D13BF986}.Debug|Any CPU.ActiveCfg = Debug|Any CPU
		{EA6674D4-EFD2-45A1-A6C7-93E2D13BF986}.Debug|Any CPU.Build.0 = Debug|Any CPU
		{EA6674D4-EFD2-45A1-A6C7-93E2D13BF986}.Release|Any CPU.ActiveCfg = Release|Any CPU
		{EA6674D4-EFD2-45A1-A6C7-93E2D13BF986}.Release|Any CPU.Build.0 = Release|Any CPU
		{1EBD4239-9396-4491-AB7C-9F26D185F9B8}.Debug|Any CPU.ActiveCfg = Debug|Any CPU
		{1EBD4239-9396-4491-AB7C-9F26D185F9B8}.Debug|Any CPU.Build.0 = Debug|Any CPU
		{1EBD4239-9396-4491-AB7C-9F26D185F9B8}.Release|Any CPU.ActiveCfg = Release|Any CPU
		{1EBD4239-9396-4491-AB7C-9F26D185F9B8}.Release|Any CPU.Build.0 = Release|Any CPU
		{34C47207-D8C7-4073-8FB8-F4CD5D882513}.Debug|Any CPU.ActiveCfg = Debug|Any CPU
		{34C47207-D8C7-4073-8FB8-F4CD5D882513}.Debug|Any CPU.Build.0 = Debug|Any CPU
		{34C47207-D8C7-4073-8FB8-F4CD5D882513}.Release|Any CPU.ActiveCfg = Release|Any CPU
		{34C47207-D8C7-4073-8FB8-F4CD5D882513}.Release|Any CPU.Build.0 = Release|Any CPU
		{E6E47466-CCD7-4834-B764-5FBB2D06D6E0}.Debug|Any CPU.ActiveCfg = Debug|Any CPU
		{E6E47466-CCD7-4834-B764-5FBB2D06D6E0}.Debug|Any CPU.Build.0 = Debug|Any CPU
		{E6E47466-CCD7-4834-B764-5FBB2D06D6E0}.Release|Any CPU.ActiveCfg = Release|Any CPU
		{E6E47466-CCD7-4834-B764-5FBB2D06D6E0}.Release|Any CPU.Build.0 = Release|Any CPU
	EndGlobalSection
	GlobalSection(SolutionProperties) = preSolution
		HideSolutionNode = FALSE
	EndGlobalSection
	GlobalSection(ExtensibilityGlobals) = postSolution
		SolutionGuid = {A62F0681-AE65-4F57-BDBB-1FE0ECDE35F3}
	EndGlobalSection
EndGlobal
